hash: 3f09a5625cf8729c87a0b33012004b3e3fe7c2f644bf64ab74ad67e5478dc485
updated: 2016-04-12T12:38:55.158449024+03:00
imports:
- name: github.com/armon/go-radix
  version: c800c47edb8308993feb7a35aab1a2f72f58c9f6
- name: github.com/bgentry/speakeasy
  version: c800c47edb8308993feb7a35aab1a2f72f58c9f6
- name: github.com/cihub/seelog
  version: c800c47edb8308993feb7a35aab1a2f72f58c9f6
- name: github.com/davecgh/go-spew
  version: ""
  subpackages:
  - spew
- name: github.com/donovanhide/eventsource
  version: c800c47edb8308993feb7a35aab1a2f72f58c9f6
- name: github.com/elodina/go-avro
  version: c800c47edb8308993feb7a35aab1a2f72f58c9f6
- name: github.com/elodina/go-kafka-avro
  version: c800c47edb8308993feb7a35aab1a2f72f58c9f6
- name: github.com/elodina/go-mesos-utils
  version: c800c47edb8308993feb7a35aab1a2f72f58c9f6
  subpackages:
  - pretty
- name: github.com/elodina/pyrgus
  version: c800c47edb8308993feb7a35aab1a2f72f58c9f6
  subpackages:
  - log
  - avro
- name: github.com/elodina/siesta
  version: c800c47edb8308993feb7a35aab1a2f72f58c9f6
- name: github.com/elodina/siesta-producer
  version: c800c47edb8308993feb7a35aab1a2f72f58c9f6
- name: github.com/gambol99/go-marathon
  version: c800c47edb8308993feb7a35aab1a2f72f58c9f6
- name: github.com/gocql/gocql
  version: c800c47edb8308993feb7a35aab1a2f72f58c9f6
  subpackages:
  - internal/lru
  - internal/murmur
  - internal/streams
- name: github.com/gogo/protobuf
  version: c800c47edb8308993feb7a35aab1a2f72f58c9f6
  subpackages:
  - proto
- name: github.com/golang/glog
  version: c800c47edb8308993feb7a35aab1a2f72f58c9f6
- name: github.com/golang/protobuf
  version: c800c47edb8308993feb7a35aab1a2f72f58c9f6
  subpackages:
  - proto
- name: github.com/golang/snappy
  version: c800c47edb8308993feb7a35aab1a2f72f58c9f6
- name: github.com/google/go-querystring
  version: c800c47edb8308993feb7a35aab1a2f72f58c9f6
  subpackages:
  - query
- name: github.com/hailocab/go-hostpool
  version: c800c47edb8308993feb7a35aab1a2f72f58c9f6
- name: github.com/mattn/go-isatty
  version: c800c47edb8308993feb7a35aab1a2f72f58c9f6
- name: github.com/mesos/mesos-go
  version: c800c47edb8308993feb7a35aab1a2f72f58c9f6
  subpackages:
  - mesosproto
  - mesosutil
  - scheduler
  - auth
  - auth/callback
  - auth/sasl
  - auth/sasl/mech/crammd5
  - detector
  - detector/zoo
  - mesosutil/process
  - messenger
  - upid
  - auth/sasl/mech
- name: github.com/mitchellh/cli
  version: c800c47edb8308993feb7a35aab1a2f72f58c9f6
- name: github.com/pborman/uuid
  version: c800c47edb8308993feb7a35aab1a2f72f58c9f6
- name: github.com/pmezard/go-difflib
  version: ""
  subpackages:
  - difflib
- name: github.com/samuel/go-zookeeper
  version: c800c47edb8308993feb7a35aab1a2f72f58c9f6
  subpackages:
  - zk
- name: github.com/satori/go.uuid
  version: c800c47edb8308993feb7a35aab1a2f72f58c9f6
- name: github.com/stretchr/objx
  version: ""
- name: github.com/stretchr/testify
  version: c800c47edb8308993feb7a35aab1a2f72f58c9f6
  subpackages:
  - mock
  - assert
- name: github.com/yanzay/cfg
  version: c800c47edb8308993feb7a35aab1a2f72f58c9f6
- name: github.com/yanzay/cron
  version: f23e0ac86001e49c6de0b069a879eecf9c23a992
- name: github.com/yanzay/log
  version: c800c47edb8308993feb7a35aab1a2f72f58c9f6
- name: golang.org/x/net
  version: c800c47edb8308993feb7a35aab1a2f72f58c9f6
  subpackages:
  - context
- name: golang.org/x/sys
  version: c800c47edb8308993feb7a35aab1a2f72f58c9f6
  subpackages:
  - unix
- name: gopkg.in/cihub/seelog.v2
  version: c800c47edb8308993feb7a35aab1a2f72f58c9f6
- name: gopkg.in/inf.v0
  version: c800c47edb8308993feb7a35aab1a2f72f58c9f6
- name: gopkg.in/yaml.v2
  version: c800c47edb8308993feb7a35aab1a2f72f58c9f6
devImports: []
