hash: 66576bd42655840d2acc12b18f8c03e2eef64380fd903bc1300e9276c65e18a6
updated: 2016-04-08T11:55:07.2602833+03:00
imports:
- name: github.com/armon/go-radix
  version: d25d3de210843c7eb88a986b93b618a29a91647d
- name: github.com/bgentry/speakeasy
  version: d25d3de210843c7eb88a986b93b618a29a91647d
- name: github.com/cihub/seelog
  version: d25d3de210843c7eb88a986b93b618a29a91647d
- name: github.com/davecgh/go-spew
  version: 5215b55f46b2b919f50a1df0eaa5886afe4e3b3d
  subpackages:
  - spew
- name: github.com/donovanhide/eventsource
  version: d25d3de210843c7eb88a986b93b618a29a91647d
- name: github.com/elodina/go-avro
  version: d25d3de210843c7eb88a986b93b618a29a91647d
- name: github.com/elodina/go-kafka-avro
  version: d25d3de210843c7eb88a986b93b618a29a91647d
- name: github.com/elodina/go-mesos-utils
  version: d25d3de210843c7eb88a986b93b618a29a91647d
  subpackages:
  - pretty
- name: github.com/elodina/pyrgus
  version: d25d3de210843c7eb88a986b93b618a29a91647d
  subpackages:
  - log
  - avro
- name: github.com/elodina/siesta
  version: d25d3de210843c7eb88a986b93b618a29a91647d
- name: github.com/elodina/siesta-producer
  version: d25d3de210843c7eb88a986b93b618a29a91647d
- name: github.com/gambol99/go-marathon
  version: d25d3de210843c7eb88a986b93b618a29a91647d
- name: github.com/gocql/gocql
  version: d25d3de210843c7eb88a986b93b618a29a91647d
  subpackages:
  - internal/lru
  - internal/murmur
  - internal/streams
- name: github.com/gogo/protobuf
  version: d25d3de210843c7eb88a986b93b618a29a91647d
  subpackages:
  - proto
- name: github.com/golang/glog
  version: d25d3de210843c7eb88a986b93b618a29a91647d
- name: github.com/golang/protobuf
  version: d25d3de210843c7eb88a986b93b618a29a91647d
  subpackages:
  - proto
- name: github.com/golang/snappy
  version: d25d3de210843c7eb88a986b93b618a29a91647d
- name: github.com/google/go-querystring
  version: d25d3de210843c7eb88a986b93b618a29a91647d
  subpackages:
  - query
- name: github.com/hailocab/go-hostpool
  version: d25d3de210843c7eb88a986b93b618a29a91647d
- name: github.com/mattn/go-isatty
  version: d25d3de210843c7eb88a986b93b618a29a91647d
- name: github.com/mesos/mesos-go
  version: d25d3de210843c7eb88a986b93b618a29a91647d
  subpackages:
  - mesosproto
  - mesosutil
  - scheduler
  - auth
  - auth/callback
  - auth/sasl
  - auth/sasl/mech/crammd5
  - detector
  - detector/zoo
  - mesosutil/process
  - messenger
  - upid
  - auth/sasl/mech
- name: github.com/mitchellh/cli
  version: d25d3de210843c7eb88a986b93b618a29a91647d
- name: github.com/pborman/uuid
  version: d25d3de210843c7eb88a986b93b618a29a91647d
- name: github.com/pmezard/go-difflib
  version: d8ed2627bdf02c080bf22230dbb337003b7aba2d
  subpackages:
  - difflib
- name: github.com/robfig/cron
  version: d25d3de210843c7eb88a986b93b618a29a91647d
- name: github.com/samuel/go-zookeeper
  version: d25d3de210843c7eb88a986b93b618a29a91647d
  subpackages:
  - zk
- name: github.com/satori/go.uuid
  version: d25d3de210843c7eb88a986b93b618a29a91647d
- name: github.com/stretchr/objx
  version: cbeaeb16a013161a98496fad62933b1d21786672
- name: github.com/stretchr/testify
  version: 0744955171b0b6e1871ff9d7366abc2b7a7fcec0
  subpackages:
  - mock
  - assert
- name: github.com/yanzay/cfg
  version: d25d3de210843c7eb88a986b93b618a29a91647d
- name: github.com/yanzay/log
  version: d25d3de210843c7eb88a986b93b618a29a91647d
- name: golang.org/x/net
  version: d25d3de210843c7eb88a986b93b618a29a91647d
  subpackages:
  - context
- name: golang.org/x/sys
  version: d25d3de210843c7eb88a986b93b618a29a91647d
  subpackages:
  - unix
- name: gopkg.in/cihub/seelog.v2
  version: d25d3de210843c7eb88a986b93b618a29a91647d
- name: gopkg.in/inf.v0
  version: d25d3de210843c7eb88a986b93b618a29a91647d
- name: gopkg.in/yaml.v2
  version: d25d3de210843c7eb88a986b93b618a29a91647d
devImports: []
